
Microsoft Visual Studio Solution File, Format Version 12.00
# Visual Studio 15
VisualStudioVersion = 15.0.27130.2010
MinimumVisualStudioVersion = 10.0.40219.1
Project("{888888A0-9F3D-457C-B088-3A5042F75D52}") = "CFA_Exceptions", "CFA_Exceptions\CFA_Exceptions.pyproj", "{F1EE65A0-6247-4789-967B-0FDCDC8CCDFF}"
EndProject
Global
	GlobalSection(SolutionConfigurationPlatforms) = preSolution
		Debug|Any CPU = Debug|Any CPU
		Release|Any CPU = Release|Any CPU
	EndGlobalSection
	GlobalSection(ProjectConfigurationPlatforms) = postSolution
		{F1EE65A0-6247-4789-967B-0FDCDC8CCDFF}.Debug|Any CPU.ActiveCfg = Debug|Any CPU
		{F1EE65A0-6247-4789-967B-0FDCDC8CCDFF}.Release|Any CPU.ActiveCfg = Release|Any CPU
	EndGlobalSection
	GlobalSection(SolutionProperties) = preSolution
		HideSolutionNode = FALSE
	EndGlobalSection
	GlobalSection(ExtensibilityGlobals) = postSolution
		SolutionGuid = {6752AEBA-E920-4522-932E-064038119401}
	EndGlobalSection
EndGlobal
